// !$*UTF8*$!
{
	archiveVersion = 1;
	classes = {
	};
	objectVersion = 77;
	objects = {

/* Begin PBXBuildFile section */
		3F1E6AA12EB9B62E00CD9090 /* RichText in Frameworks */ = {isa = PBXBuildFile; productRef = 3F1E6AA02EB9B62E00CD9090 /* RichText */; };
		3F2D3BF52EBE711800D49AFF /* WidgetKit.framework in Frameworks */ = {isa = PBXBuildFile; fileRef = 3F2D3BF42EBE711800D49AFF /* WidgetKit.framework */; };
		3F2D3BF72EBE711800D49AFF /* SwiftUI.framework in Frameworks */ = {isa = PBXBuildFile; fileRef = 3F2D3BF62EBE711800D49AFF /* SwiftUI.framework */; };
		3F2D3C042EBE711A00D49AFF /* AudioBoothWidgetExtension.appex in Embed Foundation Extensions */ = {isa = PBXBuildFile; fileRef = 3F2D3BF32EBE711800D49AFF /* AudioBoothWidgetExtension.appex */; platformFilter = ios; settings = {ATTRIBUTES = (RemoveHeadersOnCopy, ); }; };
		3F2D3C132EBE730D00D49AFF /* Models in Frameworks */ = {isa = PBXBuildFile; productRef = 3F2D3C122EBE730D00D49AFF /* Models */; };
		3F2D3C1C2EBFC7A100D49AFF /* PlayerIntents in Frameworks */ = {isa = PBXBuildFile; productRef = 3F2D3C1B2EBFC7A100D49AFF /* PlayerIntents */; };
		3F2D3C202EBFC9D700D49AFF /* PlayerIntents in Frameworks */ = {isa = PBXBuildFile; productRef = 3F2D3C1F2EBFC9D700D49AFF /* PlayerIntents */; };
		3F2F21D12EE68DFB00A298C6 /* ReadiumNavigator in Frameworks */ = {isa = PBXBuildFile; productRef = 3F2F21D02EE68DFB00A298C6 /* ReadiumNavigator */; };
		3F2F21D82EE692A400A298C6 /* ReadiumAdapterGCDWebServer in Frameworks */ = {isa = PBXBuildFile; productRef = 3F2F21D72EE692A400A298C6 /* ReadiumAdapterGCDWebServer */; };
		3F2F21DA2EE692A400A298C6 /* ReadiumStreamer in Frameworks */ = {isa = PBXBuildFile; productRef = 3F2F21D92EE692A400A298C6 /* ReadiumStreamer */; };
		3F50E5E42E8DD9770087A5B6 /* Models in Frameworks */ = {isa = PBXBuildFile; productRef = 3F50E5E32E8DD9770087A5B6 /* Models */; };
		3F50E5E62E8DD97C0087A5B6 /* Models in Frameworks */ = {isa = PBXBuildFile; productRef = 3F50E5E52E8DD97C0087A5B6 /* Models */; };
		3F5A20512F6E656C00CFD89E /* WidgetKit.framework in Frameworks */ = {isa = PBXBuildFile; fileRef = 3F2D3BF42EBE711800D49AFF /* WidgetKit.framework */; };
		3F5A20522F6E656C00CFD89E /* SwiftUI.framework in Frameworks */ = {isa = PBXBuildFile; fileRef = 3F2D3BF62EBE711800D49AFF /* SwiftUI.framework */; };
		3F5A205D2F6E656E00CFD89E /* AudioBoothWatchWidgetExtension.appex in Embed Foundation Extensions */ = {isa = PBXBuildFile; fileRef = 3F5A20502F6E656C00CFD89E /* AudioBoothWatchWidgetExtension.appex */; settings = {ATTRIBUTES = (RemoveHeadersOnCopy, ); }; };
		3F5C74572EDE598700976431 /* Logging in Frameworks */ = {isa = PBXBuildFile; productRef = 3F5C74562EDE598700976431 /* Logging */; };
		3F5C745A2EDE5B2400976431 /* PulseLogHandler in Frameworks */ = {isa = PBXBuildFile; productRef = 3F5C74592EDE5B2400976431 /* PulseLogHandler */; };
		3F6E94DD2E6395A20039F187 /* API in Frameworks */ = {isa = PBXBuildFile; productRef = 3F6E94DC2E6395A20039F187 /* API */; };
		3F7928D92EDE439F008D6027 /* Pulse in Frameworks */ = {isa = PBXBuildFile; productRef = 3F7928D82EDE439F008D6027 /* Pulse */; };
		3F7928DB2EDE439F008D6027 /* PulseUI in Frameworks */ = {isa = PBXBuildFile; productRef = 3F7928DA2EDE439F008D6027 /* PulseUI */; };
		3F7928DD2EDE4670008D6027 /* PulseProxy in Frameworks */ = {isa = PBXBuildFile; productRef = 3F7928DC2EDE4670008D6027 /* PulseProxy */; };
		3FBEA06F2E8CD49400976BA0 /* AudioBooth Watch App.app in Embed Watch Content */ = {isa = PBXBuildFile; fileRef = 3FBEA0652E8CD49300976BA0 /* AudioBooth Watch App.app */; platformFilter = ios; settings = {ATTRIBUTES = (RemoveHeadersOnCopy, ); }; };
		3FBEA0832E8CE7D600976BA0 /* API in Frameworks */ = {isa = PBXBuildFile; productRef = 3FBEA0822E8CE7D600976BA0 /* API */; };
		3FEB781C2F059A3B00618BF9 /* Recording in Frameworks */ = {isa = PBXBuildFile; productRef = 3FEB781B2F059A3B00618BF9 /* Recording */; };
		3FEB781E2F059A3B00618BF9 /* Reporting in Frameworks */ = {isa = PBXBuildFile; productRef = 3FEB781D2F059A3B00618BF9 /* Reporting */; };
		3FEB78222F059BEC00618BF9 /* Installations in Frameworks */ = {isa = PBXBuildFile; productRef = 3FEB78212F059BEC00618BF9 /* Installations */; };
/* End PBXBuildFile section */

/* Begin PBXContainerItemProxy section */
		3F2D3C022EBE711A00D49AFF /* PBXContainerItemProxy */ = {
			isa = PBXContainerItemProxy;
			containerPortal = 3FC8DC662E638F5E00A4B080 /* Project object */;
			proxyType = 1;
			remoteGlobalIDString = 3F2D3BF22EBE711800D49AFF;
			remoteInfo = AudioBoothWidgetExtension;
		};
		3F5A205B2F6E656E00CFD89E /* PBXContainerItemProxy */ = {
			isa = PBXContainerItemProxy;
			containerPortal = 3FC8DC662E638F5E00A4B080 /* Project object */;
			proxyType = 1;
			remoteGlobalIDString = 3F5A204F2F6E656C00CFD89E;
			remoteInfo = AudioBoothWatchWidgetExtension;
		};
		3FBEA06D2E8CD49400976BA0 /* PBXContainerItemProxy */ = {
			isa = PBXContainerItemProxy;
			containerPortal = 3FC8DC662E638F5E00A4B080 /* Project object */;
			proxyType = 1;
			remoteGlobalIDString = 3FBEA0642E8CD49300976BA0;
			remoteInfo = "AudioBooth Watch App";
		};
/* End PBXContainerItemProxy section */

/* Begin PBXCopyFilesBuildPhase section */
		3F2D3C092EBE711A00D49AFF /* Embed Foundation Extensions */ = {
			isa = PBXCopyFilesBuildPhase;
			buildActionMask = 2147483647;
			dstPath = "";
			dstSubfolderSpec = 13;
			files = (
				3F2D3C042EBE711A00D49AFF /* AudioBoothWidgetExtension.appex in Embed Foundation Extensions */,
			);
			name = "Embed Foundation Extensions";
			runOnlyForDeploymentPostprocessing = 0;
		};
		3F5A20492F6E638900CFD89E /* Embed Foundation Extensions */ = {
			isa = PBXCopyFilesBuildPhase;
			buildActionMask = 2147483647;
			dstPath = "";
			dstSubfolderSpec = 13;
			files = (
				3F5A205D2F6E656E00CFD89E /* AudioBoothWatchWidgetExtension.appex in Embed Foundation Extensions */,
			);
			name = "Embed Foundation Extensions";
			runOnlyForDeploymentPostprocessing = 0;
		};
		3FBEA0702E8CD49400976BA0 /* Embed Watch Content */ = {
			isa = PBXCopyFilesBuildPhase;
			buildActionMask = 2147483647;
			dstPath = "$(CONTENTS_FOLDER_PATH)/Watch";
			dstSubfolderSpec = 16;
			files = (
				3FBEA06F2E8CD49400976BA0 /* AudioBooth Watch App.app in Embed Watch Content */,
			);
			name = "Embed Watch Content";
			runOnlyForDeploymentPostprocessing = 0;
		};
/* End PBXCopyFilesBuildPhase section */

/* Begin PBXFileReference section */
		3F2D3BF32EBE711800D49AFF /* AudioBoothWidgetExtension.appex */ = {isa = PBXFileReference; explicitFileType = "wrapper.app-extension"; includeInIndex = 0; path = AudioBoothWidgetExtension.appex; sourceTree = BUILT_PRODUCTS_DIR; };
		3F2D3BF42EBE711800D49AFF /* WidgetKit.framework */ = {isa = PBXFileReference; lastKnownFileType = wrapper.framework; name = WidgetKit.framework; path = System/Library/Frameworks/WidgetKit.framework; sourceTree = SDKROOT; };
		3F2D3BF62EBE711800D49AFF /* SwiftUI.framework */ = {isa = PBXFileReference; lastKnownFileType = wrapper.framework; name = SwiftUI.framework; path = System/Library/Frameworks/SwiftUI.framework; sourceTree = SDKROOT; };
		3F2D3C1A2EBFC79200D49AFF /* PlayerIntents */ = {isa = PBXFileReference; lastKnownFileType = wrapper; name = PlayerIntents; path = ../PlayerIntents; sourceTree = SOURCE_ROOT; };
		3F50E5E22E8DD9700087A5B6 /* Models */ = {isa = PBXFileReference; lastKnownFileType = wrapper; name = Models; path = ../Models; sourceTree = "<group>"; };
		3F5A20502F6E656C00CFD89E /* AudioBoothWatchWidgetExtension.appex */ = {isa = PBXFileReference; explicitFileType = "wrapper.app-extension"; includeInIndex = 0; path = AudioBoothWatchWidgetExtension.appex; sourceTree = BUILT_PRODUCTS_DIR; };
		3F75FB462E7139F700F77C1B /* API */ = {isa = PBXFileReference; lastKnownFileType = wrapper; name = API; path = ../API; sourceTree = SOURCE_ROOT; };
		3FBEA0652E8CD49300976BA0 /* AudioBooth Watch App.app */ = {isa = PBXFileReference; explicitFileType = wrapper.application; includeInIndex = 0; path = "AudioBooth Watch App.app"; sourceTree = BUILT_PRODUCTS_DIR; };
		3FC8DC6E2E638F5E00A4B080 /* AudioBooth.app */ = {isa = PBXFileReference; explicitFileType = wrapper.application; includeInIndex = 0; path = AudioBooth.app; sourceTree = BUILT_PRODUCTS_DIR; };
		FFCB24C52F64F5B300F4DBE1 /* Signing.xcconfig */ = {isa = PBXFileReference; lastKnownFileType = text.xcconfig; path = Signing.xcconfig; sourceTree = "<group>"; };
/* End PBXFileReference section */

/* Begin PBXFileSystemSynchronizedBuildFileExceptionSet section */
		3F0D9EE72E6E273F00A8C3BB /* Exceptions for "AudioBooth" folder in "AudioBooth" target */ = {
			isa = PBXFileSystemSynchronizedBuildFileExceptionSet;
			membershipExceptions = (
				Info.plist,
			);
			target = 3FC8DC6D2E638F5E00A4B080 /* AudioBooth */;
		};
		3F2D3C082EBE711A00D49AFF /* Exceptions for "AudioBoothWidget" folder in "AudioBoothWidgetExtension" target */ = {
			isa = PBXFileSystemSynchronizedBuildFileExceptionSet;
			membershipExceptions = (
				Info.plist,
			);
			target = 3F2D3BF22EBE711800D49AFF /* AudioBoothWidgetExtension */;
		};
		3F3AF6E32E94D1720052C80D /* Exceptions for "AudioBooth Watch App" folder in "AudioBooth Watch App" target */ = {
			isa = PBXFileSystemSynchronizedBuildFileExceptionSet;
			membershipExceptions = (
				Info.plist,
			);
			target = 3FBEA0642E8CD49300976BA0 /* AudioBooth Watch App */;
		};
		3F5A20612F6E656E00CFD89E /* Exceptions for "AudioBoothWatchWidget" folder in "AudioBoothWatchWidgetExtension" target */ = {
			isa = PBXFileSystemSynchronizedBuildFileExceptionSet;
			membershipExceptions = (
				Info.plist,
			);
			target = 3F5A204F2F6E656C00CFD89E /* AudioBoothWatchWidgetExtension */;
		};
		3F5A206A2F6E682000CFD89E /* Exceptions for "AudioBoothWatchWidget" folder in "AudioBooth Watch App" target */ = {
			isa = PBXFileSystemSynchronizedBuildFileExceptionSet;
			membershipExceptions = (
				Complications/WatchComplicationEntry.swift,
			);
			target = 3FBEA0642E8CD49300976BA0 /* AudioBooth Watch App */;
		};
		3F7E9FE22F15654F00221DDA /* Exceptions for "AudioBoothWidget" folder in "AudioBooth" target */ = {
			isa = PBXFileSystemSynchronizedBuildFileExceptionSet;
			membershipExceptions = (
				Assets.xcassets,
			);
			target = 3FC8DC6D2E638F5E00A4B080 /* AudioBooth */;
		};
/* End PBXFileSystemSynchronizedBuildFileExceptionSet section */

/* Begin PBXFileSystemSynchronizedRootGroup section */
		3F2D3BF82EBE711800D49AFF /* AudioBoothWidget */ = {
			isa = PBXFileSystemSynchronizedRootGroup;
			exceptions = (
				3F7E9FE22F15654F00221DDA /* Exceptions for "AudioBoothWidget" folder in "AudioBooth" target */,
				3F2D3C082EBE711A00D49AFF /* Exceptions for "AudioBoothWidget" folder in "AudioBoothWidgetExtension" target */,
			);
			path = AudioBoothWidget;
			sourceTree = "<group>";
		};
		3F5A20532F6E656C00CFD89E /* AudioBoothWatchWidget */ = {
			isa = PBXFileSystemSynchronizedRootGroup;
			exceptions = (
				3F5A206A2F6E682000CFD89E /* Exceptions for "AudioBoothWatchWidget" folder in "AudioBooth Watch App" target */,
				3F5A20612F6E656E00CFD89E /* Exceptions for "AudioBoothWatchWidget" folder in "AudioBoothWatchWidgetExtension" target */,
			);
			path = AudioBoothWatchWidget;
			sourceTree = "<group>";
		};
		3FBEA0662E8CD49300976BA0 /* AudioBooth Watch App */ = {
			isa = PBXFileSystemSynchronizedRootGroup;
			exceptions = (
				3F3AF6E32E94D1720052C80D /* Exceptions for "AudioBooth Watch App" folder in "AudioBooth Watch App" target */,
			);
			path = "AudioBooth Watch App";
			sourceTree = "<group>";
		};
		3FC8DC702E638F5E00A4B080 /* AudioBooth */ = {
			isa = PBXFileSystemSynchronizedRootGroup;
			exceptions = (
				3F0D9EE72E6E273F00A8C3BB /* Exceptions for "AudioBooth" folder in "AudioBooth" target */,
			);
			path = AudioBooth;
			sourceTree = "<group>";
		};
/* End PBXFileSystemSynchronizedRootGroup section */

/* Begin PBXFrameworksBuildPhase section */
		3F2D3BF02EBE711800D49AFF /* Frameworks */ = {
			isa = PBXFrameworksBuildPhase;
			buildActionMask = 2147483647;
			files = (
				3F2D3C132EBE730D00D49AFF /* Models in Frameworks */,
				3F2D3BF72EBE711800D49AFF /* SwiftUI.framework in Frameworks */,
				3F2D3BF52EBE711800D49AFF /* WidgetKit.framework in Frameworks */,
				3F2D3C202EBFC9D700D49AFF /* PlayerIntents in Frameworks */,
			);
			runOnlyForDeploymentPostprocessing = 0;
		};
		3F5A204D2F6E656C00CFD89E /* Frameworks */ = {
			isa = PBXFrameworksBuildPhase;
			buildActionMask = 2147483647;
			files = (
				3F5A20522F6E656C00CFD89E /* SwiftUI.framework in Frameworks */,
				3F5A20512F6E656C00CFD89E /* WidgetKit.framework in Frameworks */,
			);
			runOnlyForDeploymentPostprocessing = 0;
		};
		3FBEA0622E8CD49300976BA0 /* Frameworks */ = {
			isa = PBXFrameworksBuildPhase;
			buildActionMask = 2147483647;
			files = (
				3F50E5E62E8DD97C0087A5B6 /* Models in Frameworks */,
				3FBEA0832E8CE7D600976BA0 /* API in Frameworks */,
			);
			runOnlyForDeploymentPostprocessing = 0;
		};
		3FC8DC6B2E638F5E00A4B080 /* Frameworks */ = {
			isa = PBXFrameworksBuildPhase;
			buildActionMask = 2147483647;
			files = (
				3F7928DB2EDE439F008D6027 /* PulseUI in Frameworks */,
				3F7928DD2EDE4670008D6027 /* PulseProxy in Frameworks */,
				3F2F21D82EE692A400A298C6 /* ReadiumAdapterGCDWebServer in Frameworks */,
				3F2F21DA2EE692A400A298C6 /* ReadiumStreamer in Frameworks */,
				3F1E6AA12EB9B62E00CD9090 /* RichText in Frameworks */,
				3FEB781C2F059A3B00618BF9 /* Recording in Frameworks */,
				3F50E5E42E8DD9770087A5B6 /* Models in Frameworks */,
				3FEB78222F059BEC00618BF9 /* Installations in Frameworks */,
				3F6E94DD2E6395A20039F187 /* API in Frameworks */,
				3F5C74572EDE598700976431 /* Logging in Frameworks */,
				3F5C745A2EDE5B2400976431 /* PulseLogHandler in Frameworks */,
				3F2F21D12EE68DFB00A298C6 /* ReadiumNavigator in Frameworks */,
				3F7928D92EDE439F008D6027 /* Pulse in Frameworks */,
				3FEB781E2F059A3B00618BF9 /* Reporting in Frameworks */,
				3F2D3C1C2EBFC7A100D49AFF /* PlayerIntents in Frameworks */,
			);
			runOnlyForDeploymentPostprocessing = 0;
		};
/* End PBXFrameworksBuildPhase section */

/* Begin PBXGroup section */
		3F6E94DB2E6395A20039F187 /* Frameworks */ = {
			isa = PBXGroup;
			children = (
				3F2D3BF42EBE711800D49AFF /* WidgetKit.framework */,
				3F2D3BF62EBE711800D49AFF /* SwiftUI.framework */,
			);
			name = Frameworks;
			sourceTree = "<group>";
		};
		3FC8DC652E638F5E00A4B080 = {
			isa = PBXGroup;
			children = (
				3FC8DC702E638F5E00A4B080 /* AudioBooth */,
				3FC8DC822E63904C00A4B080 /* Packages */,
				3FBEA0662E8CD49300976BA0 /* AudioBooth Watch App */,
				3F2D3BF82EBE711800D49AFF /* AudioBoothWidget */,
				3F5A20532F6E656C00CFD89E /* AudioBoothWatchWidget */,
				3F6E94DB2E6395A20039F187 /* Frameworks */,
				3FC8DC6F2E638F5E00A4B080 /* Products */,
				FFCB24C52F64F5B300F4DBE1 /* Signing.xcconfig */,
			);
			sourceTree = "<group>";
		};
		3FC8DC6F2E638F5E00A4B080 /* Products */ = {
			isa = PBXGroup;
			children = (
				3FC8DC6E2E638F5E00A4B080 /* AudioBooth.app */,
				3FBEA0652E8CD49300976BA0 /* AudioBooth Watch App.app */,
				3F2D3BF32EBE711800D49AFF /* AudioBoothWidgetExtension.appex */,
				3F5A20502F6E656C00CFD89E /* AudioBoothWatchWidgetExtension.appex */,
			);
			name = Products;
			sourceTree = "<group>";
		};
		3FC8DC822E63904C00A4B080 /* Packages */ = {
			isa = PBXGroup;
			children = (
				3F75FB462E7139F700F77C1B /* API */,
				3F50E5E22E8DD9700087A5B6 /* Models */,
				3F2D3C1A2EBFC79200D49AFF /* PlayerIntents */,
			);
			name = Packages;
			sourceTree = "<group>";
		};
/* End PBXGroup section */

/* Begin PBXNativeTarget section */
		3F2D3BF22EBE711800D49AFF /* AudioBoothWidgetExtension */ = {
			isa = PBXNativeTarget;
			buildConfigurationList = 3F2D3C052EBE711A00D49AFF /* Build configuration list for PBXNativeTarget "AudioBoothWidgetExtension" */;
			buildPhases = (
				3F2D3BEF2EBE711800D49AFF /* Sources */,
				3F2D3BF02EBE711800D49AFF /* Frameworks */,
				3F2D3BF12EBE711800D49AFF /* Resources */,
			);
			buildRules = (
			);
			dependencies = (
			);
			fileSystemSynchronizedGroups = (
				3F2D3BF82EBE711800D49AFF /* AudioBoothWidget */,
			);
			name = AudioBoothWidgetExtension;
			packageProductDependencies = (
				3F2D3C122EBE730D00D49AFF /* Models */,
				3F2D3C1F2EBFC9D700D49AFF /* PlayerIntents */,
			);
			productName = AudioBoothWidgetExtension;
			productReference = 3F2D3BF32EBE711800D49AFF /* AudioBoothWidgetExtension.appex */;
			productType = "com.apple.product-type.app-extension";
		};
		3F5A204F2F6E656C00CFD89E /* AudioBoothWatchWidgetExtension */ = {
			isa = PBXNativeTarget;
			buildConfigurationList = 3F5A205E2F6E656E00CFD89E /* Build configuration list for PBXNativeTarget "AudioBoothWatchWidgetExtension" */;
			buildPhases = (
				3F5A204C2F6E656C00CFD89E /* Sources */,
				3F5A204D2F6E656C00CFD89E /* Frameworks */,
				3F5A204E2F6E656C00CFD89E /* Resources */,
			);
			buildRules = (
			);
			dependencies = (
			);
			fileSystemSynchronizedGroups = (
				3F5A20532F6E656C00CFD89E /* AudioBoothWatchWidget */,
			);
			name = AudioBoothWatchWidgetExtension;
			packageProductDependencies = (
			);
			productName = AudioBoothWatchWidgetExtension;
			productReference = 3F5A20502F6E656C00CFD89E /* AudioBoothWatchWidgetExtension.appex */;
			productType = "com.apple.product-type.app-extension";
		};
		3FBEA0642E8CD49300976BA0 /* AudioBooth Watch App */ = {
			isa = PBXNativeTarget;
			buildConfigurationList = 3FBEA0732E8CD49400976BA0 /* Build configuration list for PBXNativeTarget "AudioBooth Watch App" */;
			buildPhases = (
				3FBEA0612E8CD49300976BA0 /* Sources */,
				3FBEA0622E8CD49300976BA0 /* Frameworks */,
				3FBEA0632E8CD49300976BA0 /* Resources */,
				3F5A20492F6E638900CFD89E /* Embed Foundation Extensions */,
			);
			buildRules = (
			);
			dependencies = (
				3F5A205C2F6E656E00CFD89E /* PBXTargetDependency */,
			);
			fileSystemSynchronizedGroups = (
				3FBEA0662E8CD49300976BA0 /* AudioBooth Watch App */,
			);
			name = "AudioBooth Watch App";
			packageProductDependencies = (
				3FBEA0822E8CE7D600976BA0 /* API */,
				3F50E5E52E8DD97C0087A5B6 /* Models */,
			);
			productName = "AudioBooth Watch App";
			productReference = 3FBEA0652E8CD49300976BA0 /* AudioBooth Watch App.app */;
			productType = "com.apple.product-type.application";
		};
		3FC8DC6D2E638F5E00A4B080 /* AudioBooth */ = {
			isa = PBXNativeTarget;
			buildConfigurationList = 3FC8DC792E638F5F00A4B080 /* Build configuration list for PBXNativeTarget "AudioBooth" */;
			buildPhases = (
				3FC8DC6A2E638F5E00A4B080 /* Sources */,
				3FC8DC6B2E638F5E00A4B080 /* Frameworks */,
				3FC8DC6C2E638F5E00A4B080 /* Resources */,
				3FBEA0702E8CD49400976BA0 /* Embed Watch Content */,
				3F2D3C092EBE711A00D49AFF /* Embed Foundation Extensions */,
				3FB0B59A2E95683B0094FC83 /* Set Build Number */,
			);
			buildRules = (
			);
			dependencies = (
				3FBEA06E2E8CD49400976BA0 /* PBXTargetDependency */,
				3F2D3C032EBE711A00D49AFF /* PBXTargetDependency */,
			);
			fileSystemSynchronizedGroups = (
				3FC8DC702E638F5E00A4B080 /* AudioBooth */,
			);
			name = AudioBooth;
			packageProductDependencies = (
				3F6E94DC2E6395A20039F187 /* API */,
				3F50E5E32E8DD9770087A5B6 /* Models */,
				3F1E6AA02EB9B62E00CD9090 /* RichText */,
				3F2D3C1B2EBFC7A100D49AFF /* PlayerIntents */,
				3F7928D82EDE439F008D6027 /* Pulse */,
				3F7928DA2EDE439F008D6027 /* PulseUI */,
				3F7928DC2EDE4670008D6027 /* PulseProxy */,
				3F5C74562EDE598700976431 /* Logging */,
				3F5C74592EDE5B2400976431 /* PulseLogHandler */,
				3F2F21D02EE68DFB00A298C6 /* ReadiumNavigator */,
				3F2F21D72EE692A400A298C6 /* ReadiumAdapterGCDWebServer */,
				3F2F21D92EE692A400A298C6 /* ReadiumStreamer */,
				3FEB781B2F059A3B00618BF9 /* Recording */,
				3FEB781D2F059A3B00618BF9 /* Reporting */,
				3FEB78212F059BEC00618BF9 /* Installations */,
			);
			productName = AudiobookshelfDemo;
			productReference = 3FC8DC6E2E638F5E00A4B080 /* AudioBooth.app */;
			productType = "com.apple.product-type.application";
		};
/* End PBXNativeTarget section */

/* Begin PBXProject section */
		3FC8DC662E638F5E00A4B080 /* Project object */ = {
			isa = PBXProject;
			attributes = {
				BuildIndependentTargetsInParallel = 1;
				LastSwiftUpdateCheck = 2620;
				LastUpgradeCheck = 2620;
				TargetAttributes = {
					3F2D3BF22EBE711800D49AFF = {
						CreatedOnToolsVersion = 26.0.1;
					};
					3F5A204F2F6E656C00CFD89E = {
						CreatedOnToolsVersion = 26.2;
					};
					3FBEA0642E8CD49300976BA0 = {
						CreatedOnToolsVersion = 26.1;
					};
					3FC8DC6D2E638F5E00A4B080 = {
						CreatedOnToolsVersion = 26.0;
					};
				};
			};
			buildConfigurationList = 3FC8DC692E638F5E00A4B080 /* Build configuration list for PBXProject "AudioBooth" */;
			developmentRegion = en;
			hasScannedForEncodings = 0;
			knownRegions = (
				en,
				Base,
				fr,
				da,
				de,
				"zh-tw",
				es,
			);
			mainGroup = 3FC8DC652E638F5E00A4B080;
			minimizedProjectReferenceProxies = 1;
			packageReferences = (
				3F1E6A9F2EB9B60B00CD9090 /* XCRemoteSwiftPackageReference "RichText" */,
				3F7928D72EDE439F008D6027 /* XCRemoteSwiftPackageReference "Pulse" */,
				3F5C74552EDE598700976431 /* XCRemoteSwiftPackageReference "swift-log" */,
				3F5C74582EDE5B2400976431 /* XCRemoteSwiftPackageReference "PulseLogHandler" */,
				3F2F21CF2EE68DFB00A298C6 /* XCRemoteSwiftPackageReference "swift-toolkit" */,
				3FEB781A2F059A3B00618BF9 /* XCRemoteSwiftPackageReference "KSCrash" */,
			);
			preferredProjectObjectVersion = 77;
			productRefGroup = 3FC8DC6F2E638F5E00A4B080 /* Products */;
			projectDirPath = "";
			projectRoot = "";
			targets = (
				3FC8DC6D2E638F5E00A4B080 /* AudioBooth */,
				3FBEA0642E8CD49300976BA0 /* AudioBooth Watch App */,
				3F2D3BF22EBE711800D49AFF /* AudioBoothWidgetExtension */,
				3F5A204F2F6E656C00CFD89E /* AudioBoothWatchWidgetExtension */,
			);
		};
/* End PBXProject section */

/* Begin PBXResourcesBuildPhase section */
		3F2D3BF12EBE711800D49AFF /* Resources */ = {
			isa = PBXResourcesBuildPhase;
			buildActionMask = 2147483647;
			files = (
			);
			runOnlyForDeploymentPostprocessing = 0;
		};
		3F5A204E2F6E656C00CFD89E /* Resources */ = {
			isa = PBXResourcesBuildPhase;
			buildActionMask = 2147483647;
			files = (
			);
			runOnlyForDeploymentPostprocessing = 0;
		};
		3FBEA0632E8CD49300976BA0 /* Resources */ = {
			isa = PBXResourcesBuildPhase;
			buildActionMask = 2147483647;
			files = (
			);
			runOnlyForDeploymentPostprocessing = 0;
		};
		3FC8DC6C2E638F5E00A4B080 /* Resources */ = {
			isa = PBXResourcesBuildPhase;
			buildActionMask = 2147483647;
			files = (
			);
			runOnlyForDeploymentPostprocessing = 0;
		};
/* End PBXResourcesBuildPhase section */

/* Begin PBXShellScriptBuildPhase section */
		3FB0B59A2E95683B0094FC83 /* Set Build Number */ = {
			isa = PBXShellScriptBuildPhase;
			alwaysOutOfDate = 1;
			buildActionMask = 12;
			files = (
			);
			inputFileListPaths = (
			);
			inputPaths = (
			);
			name = "Set Build Number";
			outputFileListPaths = (
			);
			outputPaths = (
			);
			runOnlyForDeploymentPostprocessing = 0;
			shellPath = /bin/sh;
			shellScript = "if [ \"$CONFIGURATION\" = \"Release\" ]; then\n    TIMESTAMP=$(date -u +%s)\n    \n    IOS_PLIST=\"${TARGET_BUILD_DIR}/${INFOPLIST_PATH}\"\n    /usr/libexec/PlistBuddy -c \"Set :CFBundleVersion $TIMESTAMP\" \"$IOS_PLIST\"\n    echo \"Updated iOS build number to: $TIMESTAMP\"\n    \n    WATCH_PLIST=\"${TARGET_BUILD_DIR}/${PRODUCT_NAME}.app/Watch/${PRODUCT_NAME} Watch App.app/Info.plist\"\n\n    if [ -f \"$WATCH_PLIST\" ]; then\n        /usr/libexec/PlistBuddy -c \"Set :CFBundleVersion $TIMESTAMP\" \"$WATCH_PLIST\"\n        echo \"Updated watchOS build number to: $TIMESTAMP\"\n    else\n        echo \"Watch app not found at: $WATCH_PLIST\"\n    fi\n\n    WIDGET_PLIST=\"${TARGET_BUILD_DIR}/${PRODUCT_NAME}.app/PlugIns/${PRODUCT_NAME}WidgetExtension.appex/Info.plist\"\n\n    if [ -f \"$WIDGET_PLIST\" ]; then\n        /usr/libexec/PlistBuddy -c \"Set :CFBundleVersion $TIMESTAMP\" \"$WIDGET_PLIST\"\n        echo \"Updated widget build number to: $TIMESTAMP\"\n    else\n        echo \"Widget extension not found at: $WIDGET_PLIST\"\n    fi\n    \n    echo \"Both apps updated to build: $TIMESTAMP\"\nfi\n";
		};
/* End PBXShellScriptBuildPhase section */

/* Begin PBXSourcesBuildPhase section */
		3F2D3BEF2EBE711800D49AFF /* Sources */ = {
			isa = PBXSourcesBuildPhase;
			buildActionMask = 2147483647;
			files = (
			);
			runOnlyForDeploymentPostprocessing = 0;
		};
		3F5A204C2F6E656C00CFD89E /* Sources */ = {
			isa = PBXSourcesBuildPhase;
			buildActionMask = 2147483647;
			files = (
			);
			runOnlyForDeploymentPostprocessing = 0;
		};
		3FBEA0612E8CD49300976BA0 /* Sources */ = {
			isa = PBXSourcesBuildPhase;
			buildActionMask = 2147483647;
			files = (
			);
			runOnlyForDeploymentPostprocessing = 0;
		};
		3FC8DC6A2E638F5E00A4B080 /* Sources */ = {
			isa = PBXSourcesBuildPhase;
			buildActionMask = 2147483647;
			files = (
			);
			runOnlyForDeploymentPostprocessing = 0;
		};
/* End PBXSourcesBuildPhase section */

/* Begin PBXTargetDependency section */
		3F2D3C032EBE711A00D49AFF /* PBXTargetDependency */ = {
			isa = PBXTargetDependency;
			platformFilter = ios;
			target = 3F2D3BF22EBE711800D49AFF /* AudioBoothWidgetExtension */;
			targetProxy = 3F2D3C022EBE711A00D49AFF /* PBXContainerItemProxy */;
		};
		3F5A205C2F6E656E00CFD89E /* PBXTargetDependency */ = {
			isa = PBXTargetDependency;
			target = 3F5A204F2F6E656C00CFD89E /* AudioBoothWatchWidgetExtension */;
			targetProxy = 3F5A205B2F6E656E00CFD89E /* PBXContainerItemProxy */;
		};
		3FBEA06E2E8CD49400976BA0 /* PBXTargetDependency */ = {
			isa = PBXTargetDependency;
			platformFilter = ios;
			target = 3FBEA0642E8CD49300976BA0 /* AudioBooth Watch App */;
			targetProxy = 3FBEA06D2E8CD49400976BA0 /* PBXContainerItemProxy */;
		};
/* End PBXTargetDependency section */

/* Begin XCBuildConfiguration section */
		3F2D3C062EBE711A00D49AFF /* Debug */ = {
			isa = XCBuildConfiguration;
			buildSettings = {
				ASSETCATALOG_COMPILER_WIDGET_BACKGROUND_COLOR_NAME = WidgetBackground;
				CODE_SIGN_ENTITLEMENTS = AudioBoothWidget/AudioBoothWidgetExtension.entitlements;
				CODE_SIGN_STYLE = Automatic;
				CURRENT_PROJECT_VERSION = 0;
				ENABLE_USER_SCRIPT_SANDBOXING = YES;
				GENERATE_INFOPLIST_FILE = YES;
				INFOPLIST_FILE = AudioBoothWidget/Info.plist;
				INFOPLIST_KEY_CFBundleDisplayName = AudioBooth;
				INFOPLIST_KEY_NSHumanReadableCopyright = "";
				IPHONEOS_DEPLOYMENT_TARGET = 18.0;
				LD_RUNPATH_SEARCH_PATHS = (
					"$(inherited)",
					"@executable_path/Frameworks",
					"@executable_path/../../Frameworks",
				);
				MARKETING_VERSION = 1.11;
				PRODUCT_BUNDLE_IDENTIFIER = "$(ORG_IDENTIFIER).AudioBS.widget";
				PRODUCT_NAME = "$(TARGET_NAME)";
				SKIP_INSTALL = YES;
				STRING_CATALOG_GENERATE_SYMBOLS = YES;
				SWIFT_APPROACHABLE_CONCURRENCY = YES;
				SWIFT_EMIT_LOC_STRINGS = YES;
				SWIFT_UPCOMING_FEATURE_MEMBER_IMPORT_VISIBILITY = YES;
				SWIFT_VERSION = 5.0;
				TARGETED_DEVICE_FAMILY = "1,2";
			};
			name = Debug;
		};
		3F2D3C072EBE711A00D49AFF /* Release */ = {
			isa = XCBuildConfiguration;
			buildSettings = {
				ASSETCATALOG_COMPILER_WIDGET_BACKGROUND_COLOR_NAME = WidgetBackground;
				CODE_SIGN_ENTITLEMENTS = AudioBoothWidget/AudioBoothWidgetExtension.entitlements;
				CODE_SIGN_STYLE = Automatic;
				CURRENT_PROJECT_VERSION = 0;
				ENABLE_USER_SCRIPT_SANDBOXING = YES;
				GENERATE_INFOPLIST_FILE = YES;
				INFOPLIST_FILE = AudioBoothWidget/Info.plist;
				INFOPLIST_KEY_CFBundleDisplayName = AudioBooth;
				INFOPLIST_KEY_NSHumanReadableCopyright = "";
				IPHONEOS_DEPLOYMENT_TARGET = 18.0;
				LD_RUNPATH_SEARCH_PATHS = (
					"$(inherited)",
					"@executable_path/Frameworks",
					"@executable_path/../../Frameworks",
				);
				MARKETING_VERSION = 1.11;
				PRODUCT_BUNDLE_IDENTIFIER = "$(ORG_IDENTIFIER).AudioBS.widget";
				PRODUCT_NAME = "$(TARGET_NAME)";
				SKIP_INSTALL = YES;
				STRING_CATALOG_GENERATE_SYMBOLS = YES;
				SWIFT_APPROACHABLE_CONCURRENCY = YES;
				SWIFT_EMIT_LOC_STRINGS = YES;
				SWIFT_UPCOMING_FEATURE_MEMBER_IMPORT_VISIBILITY = YES;
				SWIFT_VERSION = 5.0;
				TARGETED_DEVICE_FAMILY = "1,2";
			};
			name = Release;
		};
		3F5A205F2F6E656E00CFD89E /* Debug */ = {
			isa = XCBuildConfiguration;
			buildSettings = {
				ASSETCATALOG_COMPILER_WIDGET_BACKGROUND_COLOR_NAME = WidgetBackground;
				CODE_SIGN_ENTITLEMENTS = AudioBoothWatchWidget/AudioBoothWatchWidgetExtension.entitlements;
				CODE_SIGN_STYLE = Automatic;
				CURRENT_PROJECT_VERSION = 0;
				ENABLE_USER_SCRIPT_SANDBOXING = YES;
				GENERATE_INFOPLIST_FILE = YES;
				INFOPLIST_FILE = AudioBoothWatchWidget/Info.plist;
				INFOPLIST_KEY_CFBundleDisplayName = AudioBoothWatchWidget;
				INFOPLIST_KEY_NSHumanReadableCopyright = "";
				LD_RUNPATH_SEARCH_PATHS = (
					"$(inherited)",
					"@executable_path/Frameworks",
					"@executable_path/../../Frameworks",
					"@executable_path/../../../../Frameworks",
				);
				MARKETING_VERSION = 1.11;
				PRODUCT_BUNDLE_IDENTIFIER = "$(ORG_IDENTIFIER).AudioBS.watchkitapp.AudioBoothWatchWidget";
				PRODUCT_NAME = "$(TARGET_NAME)";
				SDKROOT = watchos;
				SKIP_INSTALL = YES;
				STRING_CATALOG_GENERATE_SYMBOLS = YES;
				SWIFT_APPROACHABLE_CONCURRENCY = YES;
				SWIFT_EMIT_LOC_STRINGS = YES;
				SWIFT_UPCOMING_FEATURE_MEMBER_IMPORT_VISIBILITY = YES;
				SWIFT_VERSION = 5.0;
				TARGETED_DEVICE_FAMILY = 4;
				WATCHOS_DEPLOYMENT_TARGET = 10;
			};
			name = Debug;
		};
		3F5A20602F6E656E00CFD89E /* Release */ = {
			isa = XCBuildConfiguration;
			buildSettings = {
				ASSETCATALOG_COMPILER_WIDGET_BACKGROUND_COLOR_NAME = WidgetBackground;
				CODE_SIGN_ENTITLEMENTS = AudioBoothWatchWidget/AudioBoothWatchWidgetExtension.entitlements;
				CODE_SIGN_STYLE = Automatic;
				CURRENT_PROJECT_VERSION = 0;
				ENABLE_USER_SCRIPT_SANDBOXING = YES;
				GENERATE_INFOPLIST_FILE = YES;
				INFOPLIST_FILE = AudioBoothWatchWidget/Info.plist;
				INFOPLIST_KEY_CFBundleDisplayName = AudioBoothWatchWidget;
				INFOPLIST_KEY_NSHumanReadableCopyright = "";
				LD_RUNPATH_SEARCH_PATHS = (
					"$(inherited)",
					"@executable_path/Frameworks",
					"@executable_path/../../Frameworks",
					"@executable_path/../../../../Frameworks",
				);
				MARKETING_VERSION = 1.11;
				PRODUCT_BUNDLE_IDENTIFIER = "$(ORG_IDENTIFIER).AudioBS.watchkitapp.AudioBoothWatchWidget";
				PRODUCT_NAME = "$(TARGET_NAME)";
				SDKROOT = watchos;
				SKIP_INSTALL = YES;
				STRING_CATALOG_GENERATE_SYMBOLS = YES;
				SWIFT_APPROACHABLE_CONCURRENCY = YES;
				SWIFT_EMIT_LOC_STRINGS = YES;
				SWIFT_UPCOMING_FEATURE_MEMBER_IMPORT_VISIBILITY = YES;
				SWIFT_VERSION = 5.0;
				TARGETED_DEVICE_FAMILY = 4;
				WATCHOS_DEPLOYMENT_TARGET = 10;
			};
			name = Release;
		};
		3FBEA0712E8CD49400976BA0 /* Debug */ = {
			isa = XCBuildConfiguration;
			buildSettings = {
				ASSETCATALOG_COMPILER_APPICON_NAME = AppIcon;
				CODE_SIGN_ENTITLEMENTS = "AudioBooth Watch App/AudioBooth Watch App.entitlements";
				CODE_SIGN_STYLE = Automatic;
				ENABLE_PREVIEWS = YES;
				GENERATE_INFOPLIST_FILE = YES;
				INFOPLIST_FILE = "AudioBooth Watch App/Info.plist";
				INFOPLIST_KEY_CFBundleDisplayName = AudioBooth;
				INFOPLIST_KEY_UISupportedInterfaceOrientations = "UIInterfaceOrientationPortrait UIInterfaceOrientationPortraitUpsideDown";
				INFOPLIST_KEY_WKCompanionAppBundleIdentifier = "$(ORG_IDENTIFIER).AudioBS";
				LD_RUNPATH_SEARCH_PATHS = (
					"$(inherited)",
					"@executable_path/Frameworks",
				);
				MARKETING_VERSION = 1.11;
				PRODUCT_BUNDLE_IDENTIFIER = "$(ORG_IDENTIFIER).AudioBS.watchkitapp";
				PRODUCT_NAME = "$(TARGET_NAME)";
				SDKROOT = watchos;
				SKIP_INSTALL = YES;
				STRING_CATALOG_GENERATE_SYMBOLS = YES;
				SWIFT_APPROACHABLE_CONCURRENCY = YES;
				SWIFT_DEFAULT_ACTOR_ISOLATION = MainActor;
				SWIFT_EMIT_LOC_STRINGS = YES;
				SWIFT_UPCOMING_FEATURE_MEMBER_IMPORT_VISIBILITY = YES;
				SWIFT_VERSION = 5.0;
				TARGETED_DEVICE_FAMILY = 4;
				WATCHOS_DEPLOYMENT_TARGET = 10;
			};
			name = Debug;
		};
		3FBEA0722E8CD49400976BA0 /* Release */ = {
			isa = XCBuildConfiguration;
			buildSettings = {
				ASSETCATALOG_COMPILER_APPICON_NAME = AppIcon;
				CODE_SIGN_ENTITLEMENTS = "AudioBooth Watch App/AudioBooth Watch App.entitlements";
				CODE_SIGN_STYLE = Automatic;
				ENABLE_PREVIEWS = YES;
				GENERATE_INFOPLIST_FILE = YES;
				INFOPLIST_FILE = "AudioBooth Watch App/Info.plist";
				INFOPLIST_KEY_CFBundleDisplayName = AudioBooth;
				INFOPLIST_KEY_UISupportedInterfaceOrientations = "UIInterfaceOrientationPortrait UIInterfaceOrientationPortraitUpsideDown";
				INFOPLIST_KEY_WKCompanionAppBundleIdentifier = "$(ORG_IDENTIFIER).AudioBS";
				LD_RUNPATH_SEARCH_PATHS = (
					"$(inherited)",
					"@executable_path/Frameworks",
				);
				MARKETING_VERSION = 1.11;
				PRODUCT_BUNDLE_IDENTIFIER = "$(ORG_IDENTIFIER).AudioBS.watchkitapp";
				PRODUCT_NAME = "$(TARGET_NAME)";
				SDKROOT = watchos;
				SKIP_INSTALL = YES;
				STRING_CATALOG_GENERATE_SYMBOLS = YES;
				SWIFT_APPROACHABLE_CONCURRENCY = YES;
				SWIFT_DEFAULT_ACTOR_ISOLATION = MainActor;
				SWIFT_EMIT_LOC_STRINGS = YES;
				SWIFT_UPCOMING_FEATURE_MEMBER_IMPORT_VISIBILITY = YES;
				SWIFT_VERSION = 5.0;
				TARGETED_DEVICE_FAMILY = 4;
				WATCHOS_DEPLOYMENT_TARGET = 10;
			};
			name = Release;
		};
		3FC8DC772E638F5F00A4B080 /* Debug */ = {
			isa = XCBuildConfiguration;
			baseConfigurationReference = FFCB24C52F64F5B300F4DBE1 /* Signing.xcconfig */;
			buildSettings = {
				ALWAYS_SEARCH_USER_PATHS = NO;
				ASSETCATALOG_COMPILER_GENERATE_SWIFT_ASSET_SYMBOL_EXTENSIONS = YES;
				CLANG_ANALYZER_LOCALIZABILITY_NONLOCALIZED = YES;
				CLANG_ANALYZER_NONNULL = YES;
				CLANG_ANALYZER_NUMBER_OBJECT_CONVERSION = YES_AGGRESSIVE;
				CLANG_CXX_LANGUAGE_STANDARD = "gnu++20";
				CLANG_ENABLE_MODULES = YES;
				CLANG_ENABLE_OBJC_ARC = YES;
				CLANG_ENABLE_OBJC_WEAK = YES;
				CLANG_WARN_BLOCK_CAPTURE_AUTORELEASING = YES;
				CLANG_WARN_BOOL_CONVERSION = YES;
				CLANG_WARN_COMMA = YES;
				CLANG_WARN_CONSTANT_CONVERSION = YES;
				CLANG_WARN_DEPRECATED_OBJC_IMPLEMENTATIONS = YES;
				CLANG_WARN_DIRECT_OBJC_ISA_USAGE = YES_ERROR;
				CLANG_WARN_DOCUMENTATION_COMMENTS = YES;
				CLANG_WARN_EMPTY_BODY = YES;
				CLANG_WARN_ENUM_CONVERSION = YES;
				CLANG_WARN_INFINITE_RECURSION = YES;
				CLANG_WARN_INT_CONVERSION = YES;
				CLANG_WARN_NON_LITERAL_NULL_CONVERSION = YES;
				CLANG_WARN_OBJC_IMPLICIT_RETAIN_SELF = YES;
				CLANG_WARN_OBJC_LITERAL_CONVERSION = YES;
				CLANG_WARN_OBJC_ROOT_CLASS = YES_ERROR;
				CLANG_WARN_QUOTED_INCLUDE_IN_FRAMEWORK_HEADER = YES;
				CLANG_WARN_RANGE_LOOP_ANALYSIS = YES;
				CLANG_WARN_STRICT_PROTOTYPES = YES;
				CLANG_WARN_SUSPICIOUS_MOVE = YES;
				CLANG_WARN_UNGUARDED_AVAILABILITY = YES_AGGRESSIVE;
				CLANG_WARN_UNREACHABLE_CODE = YES;
				CLANG_WARN__DUPLICATE_METHOD_MATCH = YES;
				COPY_PHASE_STRIP = NO;
				CURRENT_PROJECT_VERSION = 0;
				DEBUG_INFORMATION_FORMAT = dwarf;
				ENABLE_STRICT_OBJC_MSGSEND = YES;
				ENABLE_TESTABILITY = YES;
				ENABLE_USER_SCRIPT_SANDBOXING = NO;
				GCC_C_LANGUAGE_STANDARD = gnu17;
				GCC_DYNAMIC_NO_PIC = NO;
				GCC_NO_COMMON_BLOCKS = YES;
				GCC_OPTIMIZATION_LEVEL = 0;
				GCC_PREPROCESSOR_DEFINITIONS = (
					"DEBUG=1",
					"$(inherited)",
				);
				GCC_WARN_64_TO_32_BIT_CONVERSION = YES;
				GCC_WARN_ABOUT_RETURN_TYPE = YES_ERROR;
				GCC_WARN_UNDECLARED_SELECTOR = YES;
				GCC_WARN_UNINITIALIZED_AUTOS = YES_AGGRESSIVE;
				GCC_WARN_UNUSED_FUNCTION = YES;
				GCC_WARN_UNUSED_VARIABLE = YES;
				IPHONEOS_DEPLOYMENT_TARGET = 26.0;
				LOCALIZATION_PREFERS_STRING_CATALOGS = YES;
				MARKETING_VERSION = 0.2;
				MTL_ENABLE_DEBUG_INFO = INCLUDE_SOURCE;
				MTL_FAST_MATH = YES;
				ONLY_ACTIVE_ARCH = YES;
				SDKROOT = iphoneos;
				STRING_CATALOG_GENERATE_SYMBOLS = YES;
				SWIFT_ACTIVE_COMPILATION_CONDITIONS = "DEBUG $(inherited)";
				SWIFT_OPTIMIZATION_LEVEL = "-Onone";
			};
			name = Debug;
		};
		3FC8DC782E638F5F00A4B080 /* Release */ = {
			isa = XCBuildConfiguration;
			baseConfigurationReference = FFCB24C52F64F5B300F4DBE1 /* Signing.xcconfig */;
			buildSettings = {
				ALWAYS_SEARCH_USER_PATHS = NO;
				ASSETCATALOG_COMPILER_GENERATE_SWIFT_ASSET_SYMBOL_EXTENSIONS = YES;
				CLANG_ANALYZER_LOCALIZABILITY_NONLOCALIZED = YES;
				CLANG_ANALYZER_NONNULL = YES;
				CLANG_ANALYZER_NUMBER_OBJECT_CONVERSION = YES_AGGRESSIVE;
				CLANG_CXX_LANGUAGE_STANDARD = "gnu++20";
				CLANG_ENABLE_MODULES = YES;
				CLANG_ENABLE_OBJC_ARC = YES;
				CLANG_ENABLE_OBJC_WEAK = YES;
				CLANG_WARN_BLOCK_CAPTURE_AUTORELEASING = YES;
				CLANG_WARN_BOOL_CONVERSION = YES;
				CLANG_WARN_COMMA = YES;
				CLANG_WARN_CONSTANT_CONVERSION = YES;
				CLANG_WARN_DEPRECATED_OBJC_IMPLEMENTATIONS = YES;
				CLANG_WARN_DIRECT_OBJC_ISA_USAGE = YES_ERROR;
				CLANG_WARN_DOCUMENTATION_COMMENTS = YES;
				CLANG_WARN_EMPTY_BODY = YES;
				CLANG_WARN_ENUM_CONVERSION = YES;
				CLANG_WARN_INFINITE_RECURSION = YES;
				CLANG_WARN_INT_CONVERSION = YES;
				CLANG_WARN_NON_LITERAL_NULL_CONVERSION = YES;
				CLANG_WARN_OBJC_IMPLICIT_RETAIN_SELF = YES;
				CLANG_WARN_OBJC_LITERAL_CONVERSION = YES;
				CLANG_WARN_OBJC_ROOT_CLASS = YES_ERROR;
				CLANG_WARN_QUOTED_INCLUDE_IN_FRAMEWORK_HEADER = YES;
				CLANG_WARN_RANGE_LOOP_ANALYSIS = YES;
				CLANG_WARN_STRICT_PROTOTYPES = YES;
				CLANG_WARN_SUSPICIOUS_MOVE = YES;
				CLANG_WARN_UNGUARDED_AVAILABILITY = YES_AGGRESSIVE;
				CLANG_WARN_UNREACHABLE_CODE = YES;
				CLANG_WARN__DUPLICATE_METHOD_MATCH = YES;
				COPY_PHASE_STRIP = NO;
				CURRENT_PROJECT_VERSION = 0;
				DEBUG_INFORMATION_FORMAT = "dwarf-with-dsym";
				ENABLE_NS_ASSERTIONS = NO;
				ENABLE_STRICT_OBJC_MSGSEND = YES;
				ENABLE_USER_SCRIPT_SANDBOXING = NO;
				GCC_C_LANGUAGE_STANDARD = gnu17;
				GCC_NO_COMMON_BLOCKS = YES;
				GCC_WARN_64_TO_32_BIT_CONVERSION = YES;
				GCC_WARN_ABOUT_RETURN_TYPE = YES_ERROR;
				GCC_WARN_UNDECLARED_SELECTOR = YES;
				GCC_WARN_UNINITIALIZED_AUTOS = YES_AGGRESSIVE;
				GCC_WARN_UNUSED_FUNCTION = YES;
				GCC_WARN_UNUSED_VARIABLE = YES;
				IPHONEOS_DEPLOYMENT_TARGET = 26.0;
				LOCALIZATION_PREFERS_STRING_CATALOGS = YES;
				MARKETING_VERSION = 0.2;
				MTL_ENABLE_DEBUG_INFO = NO;
				MTL_FAST_MATH = YES;
				SDKROOT = iphoneos;
				STRING_CATALOG_GENERATE_SYMBOLS = YES;
				SWIFT_COMPILATION_MODE = wholemodule;
				VALIDATE_PRODUCT = YES;
			};
			name = Release;
		};
		3FC8DC7A2E638F5F00A4B080 /* Debug */ = {
			isa = XCBuildConfiguration;
			buildSettings = {
				ASSETCATALOG_COMPILER_ALTERNATE_APPICON_NAMES = "AppIcon-Blue AppIcon-Dark AppIcon-Green AppIcon-Purple AppIcon-Red AppIcon-Yellow AppIcon-Teal AppIcon-Pink";
				ASSETCATALOG_COMPILER_APPICON_NAME = AppIcon;
				ASSETCATALOG_COMPILER_INCLUDE_ALL_APPICON_ASSETS = YES;
				CODE_SIGN_ENTITLEMENTS = AudioBooth/AudioBooth.entitlements;
				CODE_SIGN_STYLE = Automatic;
				ENABLE_PREVIEWS = YES;
				GENERATE_INFOPLIST_FILE = YES;
				INFOPLIST_FILE = AudioBooth/Info.plist;
				INFOPLIST_KEY_CFBundleDisplayName = AudioBooth;
				INFOPLIST_KEY_ITSAppUsesNonExemptEncryption = NO;
				INFOPLIST_KEY_LSApplicationCategoryType = "public.app-category.books";
				INFOPLIST_KEY_NFCReaderUsageDescription = "Use NFC to read and write data.";
				INFOPLIST_KEY_NSLocalNetworkUsageDescription = "AudioBooth needs access to your local network to connect to your Audiobookshelf server and stream audiobooks.";
				INFOPLIST_KEY_UIApplicationSupportsIndirectInputEvents = YES;
				INFOPLIST_KEY_UILaunchScreen_Generation = YES;
				INFOPLIST_KEY_UISupportedInterfaceOrientations_iPad = "UIInterfaceOrientationPortrait UIInterfaceOrientationPortraitUpsideDown UIInterfaceOrientationLandscapeLeft UIInterfaceOrientationLandscapeRight";
				INFOPLIST_KEY_UISupportedInterfaceOrientations_iPhone = "UIInterfaceOrientationPortrait UIInterfaceOrientationLandscapeLeft UIInterfaceOrientationLandscapeRight";
				IPHONEOS_DEPLOYMENT_TARGET = 17.0;
				LD_RUNPATH_SEARCH_PATHS = (
					"$(inherited)",
					"@executable_path/Frameworks",
				);
				MARKETING_VERSION = 1.11;
				PRODUCT_BUNDLE_IDENTIFIER = "$(ORG_IDENTIFIER).AudioBS";
				PRODUCT_NAME = "$(TARGET_NAME)";
				STRING_CATALOG_GENERATE_SYMBOLS = YES;
				SUPPORTED_PLATFORMS = "iphoneos iphonesimulator";
				SUPPORTS_MACCATALYST = YES;
				SUPPORTS_MAC_DESIGNED_FOR_IPHONE_IPAD = NO;
				SWIFT_APPROACHABLE_CONCURRENCY = YES;
				SWIFT_DEFAULT_ACTOR_ISOLATION = MainActor;
				SWIFT_EMIT_LOC_STRINGS = YES;
				SWIFT_UPCOMING_FEATURE_MEMBER_IMPORT_VISIBILITY = YES;
				SWIFT_VERSION = 5.0;
				TARGETED_DEVICE_FAMILY = "1,2,6";
			};
			name = Debug;
		};
		3FC8DC7B2E638F5F00A4B080 /* Release */ = {
			isa = XCBuildConfiguration;
			buildSettings = {
				ASSETCATALOG_COMPILER_ALTERNATE_APPICON_NAMES = "AppIcon-Blue AppIcon-Dark AppIcon-Green AppIcon-Purple AppIcon-Red AppIcon-Yellow AppIcon-Teal AppIcon-Pink";
				ASSETCATALOG_COMPILER_APPICON_NAME = AppIcon;
				ASSETCATALOG_COMPILER_INCLUDE_ALL_APPICON_ASSETS = YES;
				CODE_SIGN_ENTITLEMENTS = AudioBooth/AudioBooth.entitlements;
				"CODE_SIGN_ENTITLEMENTS[sdk=*]" = AudioBooth/AudioBooth.entitlements;
				"CODE_SIGN_ENTITLEMENTS[sdk=macosx*]" = "AudioBooth/AudioBooth Mac.entitlements";
				CODE_SIGN_STYLE = Automatic;
				ENABLE_PREVIEWS = YES;
				GENERATE_INFOPLIST_FILE = YES;
				INFOPLIST_FILE = AudioBooth/Info.plist;
				INFOPLIST_KEY_CFBundleDisplayName = AudioBooth;
				INFOPLIST_KEY_ITSAppUsesNonExemptEncryption = NO;
				INFOPLIST_KEY_LSApplicationCategoryType = "public.app-category.books";
				INFOPLIST_KEY_NFCReaderUsageDescription = "Use NFC to read and write data.";
				INFOPLIST_KEY_NSLocalNetworkUsageDescription = "AudioBooth needs access to your local network to connect to your Audiobookshelf server and stream audiobooks.";
				INFOPLIST_KEY_UIApplicationSupportsIndirectInputEvents = YES;
				INFOPLIST_KEY_UILaunchScreen_Generation = YES;
				INFOPLIST_KEY_UISupportedInterfaceOrientations_iPad = "UIInterfaceOrientationPortrait UIInterfaceOrientationPortraitUpsideDown UIInterfaceOrientationLandscapeLeft UIInterfaceOrientationLandscapeRight";
				INFOPLIST_KEY_UISupportedInterfaceOrientations_iPhone = "UIInterfaceOrientationPortrait UIInterfaceOrientationLandscapeLeft UIInterfaceOrientationLandscapeRight";
				IPHONEOS_DEPLOYMENT_TARGET = 17.0;
				LD_RUNPATH_SEARCH_PATHS = (
					"$(inherited)",
					"@executable_path/Frameworks",
				);
				MARKETING_VERSION = 1.11;
				PRODUCT_BUNDLE_IDENTIFIER = "$(ORG_IDENTIFIER).AudioBS";
				PRODUCT_NAME = "$(TARGET_NAME)";
				STRING_CATALOG_GENERATE_SYMBOLS = YES;
				SUPPORTED_PLATFORMS = "iphoneos iphonesimulator";
				SUPPORTS_MACCATALYST = YES;
				SUPPORTS_MAC_DESIGNED_FOR_IPHONE_IPAD = NO;
				SWIFT_APPROACHABLE_CONCURRENCY = YES;
				SWIFT_DEFAULT_ACTOR_ISOLATION = MainActor;
				SWIFT_EMIT_LOC_STRINGS = YES;
				SWIFT_UPCOMING_FEATURE_MEMBER_IMPORT_VISIBILITY = YES;
				SWIFT_VERSION = 5.0;
				TARGETED_DEVICE_FAMILY = "1,2,6";
			};
			name = Release;
		};
/* End XCBuildConfiguration section */

/* Begin XCConfigurationList section */
		3F2D3C052EBE711A00D49AFF /* Build configuration list for PBXNativeTarget "AudioBoothWidgetExtension" */ = {
			isa = XCConfigurationList;
			buildConfigurations = (
				3F2D3C062EBE711A00D49AFF /* Debug */,
				3F2D3C072EBE711A00D49AFF /* Release */,
			);
			defaultConfigurationIsVisible = 0;
			defaultConfigurationName = Release;
		};
		3F5A205E2F6E656E00CFD89E /* Build configuration list for PBXNativeTarget "AudioBoothWatchWidgetExtension" */ = {
			isa = XCConfigurationList;
			buildConfigurations = (
				3F5A205F2F6E656E00CFD89E /* Debug */,
				3F5A20602F6E656E00CFD89E /* Release */,
			);
			defaultConfigurationIsVisible = 0;
			defaultConfigurationName = Release;
		};
		3FBEA0732E8CD49400976BA0 /* Build configuration list for PBXNativeTarget "AudioBooth Watch App" */ = {
			isa = XCConfigurationList;
			buildConfigurations = (
				3FBEA0712E8CD49400976BA0 /* Debug */,
				3FBEA0722E8CD49400976BA0 /* Release */,
			);
			defaultConfigurationIsVisible = 0;
			defaultConfigurationName = Release;
		};
		3FC8DC692E638F5E00A4B080 /* Build configuration list for PBXProject "AudioBooth" */ = {
			isa = XCConfigurationList;
			buildConfigurations = (
				3FC8DC772E638F5F00A4B080 /* Debug */,
				3FC8DC782E638F5F00A4B080 /* Release */,
			);
			defaultConfigurationIsVisible = 0;
			defaultConfigurationName = Release;
		};
		3FC8DC792E638F5F00A4B080 /* Build configuration list for PBXNativeTarget "AudioBooth" */ = {
			isa = XCConfigurationList;
			buildConfigurations = (
				3FC8DC7A2E638F5F00A4B080 /* Debug */,
				3FC8DC7B2E638F5F00A4B080 /* Release */,
			);
			defaultConfigurationIsVisible = 0;
			defaultConfigurationName = Release;
		};
/* End XCConfigurationList section */

/* Begin XCRemoteSwiftPackageReference section */
		3F1E6A9F2EB9B60B00CD9090 /* XCRemoteSwiftPackageReference "RichText" */ = {
			isa = XCRemoteSwiftPackageReference;
			repositoryURL = "https://github.com/NuPlay/RichText.git";
			requirement = {
				kind = exactVersion;
				version = 3.0.2;
			};
		};
		3F2F21CF2EE68DFB00A298C6 /* XCRemoteSwiftPackageReference "swift-toolkit" */ = {
			isa = XCRemoteSwiftPackageReference;
			repositoryURL = "https://github.com/readium/swift-toolkit.git";
			requirement = {
				kind = exactVersion;
				version = 3.9.0;
			};
		};
		3F5C74552EDE598700976431 /* XCRemoteSwiftPackageReference "swift-log" */ = {
			isa = XCRemoteSwiftPackageReference;
			repositoryURL = "https://github.com/apple/swift-log";
			requirement = {
				kind = exactVersion;
				version = 1.13.1;
			};
		};
		3F5C74582EDE5B2400976431 /* XCRemoteSwiftPackageReference "PulseLogHandler" */ = {
			isa = XCRemoteSwiftPackageReference;
			repositoryURL = "https://github.com/kean/PulseLogHandler.git";
			requirement = {
				kind = exactVersion;
				version = 5.1.0;
			};
		};
		3F7928D72EDE439F008D6027 /* XCRemoteSwiftPackageReference "Pulse" */ = {
			isa = XCRemoteSwiftPackageReference;
			repositoryURL = "https://github.com/kean/Pulse";
			requirement = {
				kind = exactVersion;
				version = 5.2.2;
			};
		};
		3FEB781A2F059A3B00618BF9 /* XCRemoteSwiftPackageReference "KSCrash" */ = {
			isa = XCRemoteSwiftPackageReference;
			repositoryURL = "https://github.com/kstenerud/KSCrash";
			requirement = {
				kind = exactVersion;
				version = 2.5.1;
			};
		};
/* End XCRemoteSwiftPackageReference section */

/* Begin XCSwiftPackageProductDependency section */
		3F1E6AA02EB9B62E00CD9090 /* RichText */ = {
			isa = XCSwiftPackageProductDependency;
			package = 3F1E6A9F2EB9B60B00CD9090 /* XCRemoteSwiftPackageReference "RichText" */;
			productName = RichText;
		};
		3F2D3C122EBE730D00D49AFF /* Models */ = {
			isa = XCSwiftPackageProductDependency;
			productName = Models;
		};
		3F2D3C1B2EBFC7A100D49AFF /* PlayerIntents */ = {
			isa = XCSwiftPackageProductDependency;
			productName = PlayerIntents;
		};
		3F2D3C1F2EBFC9D700D49AFF /* PlayerIntents */ = {
			isa = XCSwiftPackageProductDependency;
			productName = PlayerIntents;
		};
		3F2F21D02EE68DFB00A298C6 /* ReadiumNavigator */ = {
			isa = XCSwiftPackageProductDependency;
			package = 3F2F21CF2EE68DFB00A298C6 /* XCRemoteSwiftPackageReference "swift-toolkit" */;
			productName = ReadiumNavigator;
		};
		3F2F21D72EE692A400A298C6 /* ReadiumAdapterGCDWebServer */ = {
			isa = XCSwiftPackageProductDependency;
			package = 3F2F21CF2EE68DFB00A298C6 /* XCRemoteSwiftPackageReference "swift-toolkit" */;
			productName = ReadiumAdapterGCDWebServer;
		};
		3F2F21D92EE692A400A298C6 /* ReadiumStreamer */ = {
			isa = XCSwiftPackageProductDependency;
			package = 3F2F21CF2EE68DFB00A298C6 /* XCRemoteSwiftPackageReference "swift-toolkit" */;
			productName = ReadiumStreamer;
		};
		3F50E5E32E8DD9770087A5B6 /* Models */ = {
			isa = XCSwiftPackageProductDependency;
			productName = Models;
		};
		3F50E5E52E8DD97C0087A5B6 /* Models */ = {
			isa = XCSwiftPackageProductDependency;
			productName = Models;
		};
		3F5C74562EDE598700976431 /* Logging */ = {
			isa = XCSwiftPackageProductDependency;
			package = 3F5C74552EDE598700976431 /* XCRemoteSwiftPackageReference "swift-log" */;
			productName = Logging;
		};
		3F5C74592EDE5B2400976431 /* PulseLogHandler */ = {
			isa = XCSwiftPackageProductDependency;
			package = 3F5C74582EDE5B2400976431 /* XCRemoteSwiftPackageReference "PulseLogHandler" */;
			productName = PulseLogHandler;
		};
		3F6E94DC2E6395A20039F187 /* API */ = {
			isa = XCSwiftPackageProductDependency;
			productName = API;
		};
		3F7928D82EDE439F008D6027 /* Pulse */ = {
			isa = XCSwiftPackageProductDependency;
			package = 3F7928D72EDE439F008D6027 /* XCRemoteSwiftPackageReference "Pulse" */;
			productName = Pulse;
		};
		3F7928DA2EDE439F008D6027 /* PulseUI */ = {
			isa = XCSwiftPackageProductDependency;
			package = 3F7928D72EDE439F008D6027 /* XCRemoteSwiftPackageReference "Pulse" */;
			productName = PulseUI;
		};
		3F7928DC2EDE4670008D6027 /* PulseProxy */ = {
			isa = XCSwiftPackageProductDependency;
			package = 3F7928D72EDE439F008D6027 /* XCRemoteSwiftPackageReference "Pulse" */;
			productName = PulseProxy;
		};
		3FBEA0822E8CE7D600976BA0 /* API */ = {
			isa = XCSwiftPackageProductDependency;
			productName = API;
		};
		3FEB781B2F059A3B00618BF9 /* Recording */ = {
			isa = XCSwiftPackageProductDependency;
			package = 3FEB781A2F059A3B00618BF9 /* XCRemoteSwiftPackageReference "KSCrash" */;
			productName = Recording;
		};
		3FEB781D2F059A3B00618BF9 /* Reporting */ = {
			isa = XCSwiftPackageProductDependency;
			package = 3FEB781A2F059A3B00618BF9 /* XCRemoteSwiftPackageReference "KSCrash" */;
			productName = Reporting;
		};
		3FEB78212F059BEC00618BF9 /* Installations */ = {
			isa = XCSwiftPackageProductDependency;
			package = 3FEB781A2F059A3B00618BF9 /* XCRemoteSwiftPackageReference "KSCrash" */;
			productName = Installations;
		};
/* End XCSwiftPackageProductDependency section */
	};
	rootObject = 3FC8DC662E638F5E00A4B080 /* Project object */;
}
